
Microsoft Visual Studio Solution File, Format Version 12.00
# Visual Studio Version 17
VisualStudioVersion = 17.4.33205.214
MinimumVisualStudioVersion = 10.0.40219.1
Project("{FAE04EC0-301F-11D3-BF4B-00C04F79EFBC}") = "PluginStepDocumenter.Application", "PluginStepDocumenter.Application\PluginStepDocumenter.Application.csproj", "{2B842728-B57B-4DEF-9645-CED7BF11DF7A}"
EndProject
Project("{FAE04EC0-301F-11D3-BF4B-00C04F79EFBC}") = "PluginStepDocumenter.Library", "PluginStepDocumenter.Library\PluginStepDocumenter.Library.csproj", "{216D3977-8CB2-4DB1-9609-55F432735090}"
EndProject
Project("{FAE04EC0-301F-11D3-BF4B-00C04F79EFBC}") = "PluginStepDocumenter.XrmToolbox", "PluginStepDocumenter.XrmToolbox\PluginStepDocumenter.XrmToolbox.csproj", "{F8B2F7E1-A752-4CEA-8C07-74CF5BB92A30}"
EndProject
Global
	GlobalSection(SolutionConfigurationPlatforms) = preSolution
		Debug|Any CPU = Debug|Any CPU
		Release|Any CPU = Release|Any CPU
	EndGlobalSection
	GlobalSection(ProjectConfigurationPlatforms) = postSolution
		{2B842728-B57B-4DEF-9645-CED7BF11DF7A}.Debug|Any CPU.ActiveCfg = Debug|Any CPU
		{2B842728-B57B-4DEF-9645-CED7BF11DF7A}.Debug|Any CPU.Build.0 = Debug|Any CPU
		{2B842728-B57B-4DEF-9645-CED7BF11DF7A}.Release|Any CPU.ActiveCfg = Release|Any CPU
		{2B842728-B57B-4DEF-9645-CED7BF11DF7A}.Release|Any CPU.Build.0 = Release|Any CPU
		{216D3977-8CB2-4DB1-9609-55F432735090}.Debug|Any CPU.ActiveCfg = Debug|Any CPU
		{216D3977-8CB2-4DB1-9609-55F432735090}.Debug|Any CPU.Build.0 = Debug|Any CPU
		{216D3977-8CB2-4DB1-9609-55F432735090}.Release|Any CPU.ActiveCfg = Release|Any CPU
		{216D3977-8CB2-4DB1-9609-55F432735090}.Release|Any CPU.Build.0 = Release|Any CPU
		{F8B2F7E1-A752-4CEA-8C07-74CF5BB92A30}.Debug|Any CPU.ActiveCfg = Debug|Any CPU
		{F8B2F7E1-A752-4CEA-8C07-74CF5BB92A30}.Debug|Any CPU.Build.0 = Debug|Any CPU
		{F8B2F7E1-A752-4CEA-8C07-74CF5BB92A30}.Release|Any CPU.ActiveCfg = Release|Any CPU
		{F8B2F7E1-A752-4CEA-8C07-74CF5BB92A30}.Release|Any CPU.Build.0 = Release|Any CPU
	EndGlobalSection
	GlobalSection(SolutionProperties) = preSolution
		HideSolutionNode = FALSE
	EndGlobalSection
	GlobalSection(ExtensibilityGlobals) = postSolution
		SolutionGuid = {2A121D04-EB97-4EAC-81E9-0FA37ED433D5}
	EndGlobalSection
EndGlobal
